// !$*UTF8*$!
{
	archiveVersion = 1;
	classes = {
	};
	objectVersion = 46;
	objects = {

/* Begin PBXBuildFile section */
		52E2DEBE1CAE3F510098BDC4 /* main.m in Sources */ = {isa = PBXBuildFile; fileRef = 52E2DEBD1CAE3F510098BDC4 /* main.m */; };
		52E2DEC11CAE3F510098BDC4 /* AppDelegate.m in Sources */ = {isa = PBXBuildFile; fileRef = 52E2DEC01CAE3F510098BDC4 /* AppDelegate.m */; };
		52E2DEC41CAE3F510098BDC4 /* ViewController.m in Sources */ = {isa = PBXBuildFile; fileRef = 52E2DEC31CAE3F510098BDC4 /* ViewController.m */; };
		52E2DEC71CAE3F510098BDC4 /* Main.storyboard in Resources */ = {isa = PBXBuildFile; fileRef = 52E2DEC51CAE3F510098BDC4 /* Main.storyboard */; };
		52E2DEC91CAE3F510098BDC4 /* Assets.xcassets in Resources */ = {isa = PBXBuildFile; fileRef = 52E2DEC81CAE3F510098BDC4 /* Assets.xcassets */; };
		52E2DECC1CAE3F510098BDC4 /* LaunchScreen.storyboard in Resources */ = {isa = PBXBuildFile; fileRef = 52E2DECA1CAE3F510098BDC4 /* LaunchScreen.storyboard */; };
		52E2DED71CAE3F510098BDC4 /* TextFiledexampleTests.m in Sources */ = {isa = PBXBuildFile; fileRef = 52E2DED61CAE3F510098BDC4 /* TextFiledexampleTests.m */; };
		52E2DEE21CAE3F510098BDC4 /* TextFiledexampleUITests.m in Sources */ = {isa = PBXBuildFile; fileRef = 52E2DEE11CAE3F510098BDC4 /* TextFiledexampleUITests.m */; };
/* End PBXBuildFile section */

/* Begin PBXContainerItemProxy section */
		52E2DED31CAE3F510098BDC4 /* PBXContainerItemProxy */ = {
			isa = PBXContainerItemProxy;
			containerPortal = 52E2DEB11CAE3F510098BDC4 /* Project object */;
			proxyType = 1;
			remoteGlobalIDString = 52E2DEB81CAE3F510098BDC4;
			remoteInfo = TextFiledexample;
		};
		52E2DEDE1CAE3F510098BDC4 /* PBXContainerItemProxy */ = {
			isa = PBXContainerItemProxy;
			containerPortal = 52E2DEB11CAE3F510098BDC4 /* Project object */;
			proxyType = 1;
			remoteGlobalIDString = 52E2DEB81CAE3F510098BDC4;
			remoteInfo = TextFiledexample;
		};
/* End PBXContainerItemProxy section */

/* Begin PBXFileReference section */
		52E2DEB91CAE3F510098BDC4 /* TextFiledexample.app */ = {isa = PBXFileReference; explicitFileType = wrapper.application; includeInIndex = 0; path = TextFiledexample.app; sourceTree = BUILT_PRODUCTS_DIR; };
		52E2DEBD1CAE3F510098BDC4 /* main.m */ = {isa = PBXFileReference; lastKnownFileType = sourcecode.c.objc; path = main.m; sourceTree = "<group>"; };
		52E2DEBF1CAE3F510098BDC4 /* AppDelegate.h */ = {isa = PBXFileReference; lastKnownFileType = sourcecode.c.h; path = AppDelegate.h; sourceTree = "<group>"; };
		52E2DEC01CAE3F510098BDC4 /* AppDelegate.m */ = {isa = PBXFileReference; lastKnownFileType = sourcecode.c.objc; path = AppDelegate.m; sourceTree = "<group>"; };
		52E2DEC21CAE3F510098BDC4 /* ViewController.h */ = {isa = PBXFileReference; lastKnownFileType = sourcecode.c.h; path = ViewController.h; sourceTree = "<group>"; };
		52E2DEC31CAE3F510098BDC4 /* ViewController.m */ = {isa = PBXFileReference; lastKnownFileType = sourcecode.c.objc; path = ViewController.m; sourceTree = "<group>"; };
		52E2DEC61CAE3F510098BDC4 /* Base */ = {isa = PBXFileReference; lastKnownFileType = file.storyboard; name = Base; path = Base.lproj/Main.storyboard; sourceTree = "<group>"; };
		52E2DEC81CAE3F510098BDC4 /* Assets.xcassets */ = {isa = PBXFileReference; lastKnownFileType = folder.assetcatalog; path = Assets.xcassets; sourceTree = "<group>"; };
		52E2DECB1CAE3F510098BDC4 /* Base */ = {isa = PBXFileReference; lastKnownFileType = file.storyboard; name = Base; path = Base.lproj/LaunchScreen.storyboard; sourceTree = "<group>"; };
		52E2DECD1CAE3F510098BDC4 /* Info.plist */ = {isa = PBXFileReference; lastKnownFileType = text.plist.xml; path = Info.plist; sourceTree = "<group>"; };
		52E2DED21CAE3F510098BDC4 /* TextFiledexampleTests.xctest */ = {isa = PBXFileReference; explicitFileType = wrapper.cfbundle; includeInIndex = 0; path = TextFiledexampleTests.xctest; sourceTree = BUILT_PRODUCTS_DIR; };
		52E2DED61CAE3F510098BDC4 /* TextFiledexampleTests.m */ = {isa = PBXFileReference; lastKnownFileType = sourcecode.c.objc; path = TextFiledexampleTests.m; sourceTree = "<group>"; };
		52E2DED81CAE3F510098BDC4 /* Info.plist */ = {isa = PBXFileReference; lastKnownFileType = text.plist.xml; path = Info.plist; sourceTree = "<group>"; };
		52E2DEDD1CAE3F510098BDC4 /* TextFiledexampleUITests.xctest */ = {isa = PBXFileReference; explicitFileType = wrapper.cfbundle; includeInIndex = 0; path = TextFiledexampleUITests.xctest; sourceTree = BUILT_PRODUCTS_DIR; };
		52E2DEE11CAE3F510098BDC4 /* TextFiledexampleUITests.m */ = {isa = PBXFileReference; lastKnownFileType = sourcecode.c.objc; path = TextFiledexampleUITests.m; sourceTree = "<group>"; };
		52E2DEE31CAE3F510098BDC4 /* Info.plist */ = {isa = PBXFileReference; lastKnownFileType = text.plist.xml; path = Info.plist; sourceTree = "<group>"; };
/* End PBXFileReference section */

/* Begin PBXFrameworksBuildPhase section */
		52E2DEB61CAE3F510098BDC4 /* Frameworks */ = {
			isa = PBXFrameworksBuildPhase;
			buildActionMask = 2147483647;
			files = (
			);
			runOnlyForDeploymentPostprocessing = 0;
		};
		52E2DECF1CAE3F510098BDC4 /* Frameworks */ = {
			isa = PBXFrameworksBuildPhase;
			buildActionMask = 2147483647;
			files = (
			);
			runOnlyForDeploymentPostprocessing = 0;
		};
		52E2DEDA1CAE3F510098BDC4 /* Frameworks */ = {
			isa = PBXFrameworksBuildPhase;
			buildActionMask = 2147483647;
			files = (
			);
			runOnlyForDeploymentPostprocessing = 0;
		};
/* End PBXFrameworksBuildPhase section */

/* Begin PBXGroup section */
		52E2DEB01CAE3F510098BDC4 = {
			isa = PBXGroup;
			children = (
				52E2DEBB1CAE3F510098BDC4 /* TextFiledexample */,
				52E2DED51CAE3F510098BDC4 /* TextFiledexampleTests */,
				52E2DEE01CAE3F510098BDC4 /* TextFiledexampleUITests */,
				52E2DEBA1CAE3F510098BDC4 /* Products */,
			);
			sourceTree = "<group>";
		};
		52E2DEBA1CAE3F510098BDC4 /* Products */ = {
			isa = PBXGroup;
			children = (
				52E2DEB91CAE3F510098BDC4 /* TextFiledexample.app */,
				52E2DED21CAE3F510098BDC4 /* TextFiledexampleTests.xctest */,
				52E2DEDD1CAE3F510098BDC4 /* TextFiledexampleUITests.xctest */,
			);
			name = Products;
			sourceTree = "<group>";
		};
		52E2DEBB1CAE3F510098BDC4 /* TextFiledexample */ = {
			isa = PBXGroup;
			children = (
				52E2DEBF1CAE3F510098BDC4 /* AppDelegate.h */,
				52E2DEC01CAE3F510098BDC4 /* AppDelegate.m */,
				52E2DEC21CAE3F510098BDC4 /* ViewController.h */,
				52E2DEC31CAE3F510098BDC4 /* ViewController.m */,
				52E2DEC51CAE3F510098BDC4 /* Main.storyboard */,
				52E2DEC81CAE3F510098BDC4 /* Assets.xcassets */,
				52E2DECA1CAE3F510098BDC4 /* LaunchScreen.storyboard */,
				52E2DECD1CAE3F510098BDC4 /* Info.plist */,
				52E2DEBC1CAE3F510098BDC4 /* Supporting Files */,
			);
			path = TextFiledexample;
			sourceTree = "<group>";
		};
		52E2DEBC1CAE3F510098BDC4 /* Supporting Files */ = {
			isa = PBXGroup;
			children = (
				52E2DEBD1CAE3F510098BDC4 /* main.m */,
			);
			name = "Supporting Files";
			sourceTree = "<group>";
		};
		52E2DED51CAE3F510098BDC4 /* TextFiledexampleTests */ = {
			isa = PBXGroup;
			children = (
				52E2DED61CAE3F510098BDC4 /* TextFiledexampleTests.m */,
				52E2DED81CAE3F510098BDC4 /* Info.plist */,
			);
			path = TextFiledexampleTests;
			sourceTree = "<group>";
		};
		52E2DEE01CAE3F510098BDC4 /* TextFiledexampleUITests */ = {
			isa = PBXGroup;
			children = (
				52E2DEE11CAE3F510098BDC4 /* TextFiledexampleUITests.m */,
				52E2DEE31CAE3F510098BDC4 /* Info.plist */,
			);
			path = TextFiledexampleUITests;
			sourceTree = "<group>";
		};
/* End PBXGroup section */

/* Begin PBXNativeTarget section */
		52E2DEB81CAE3F510098BDC4 /* TextFiledexample */ = {
			isa = PBXNativeTarget;
			buildConfigurationList = 52E2DEE61CAE3F510098BDC4 /* Build configuration list for PBXNativeTarget "TextFiledexample" */;
			buildPhases = (
				52E2DEB51CAE3F510098BDC4 /* Sources */,
				52E2DEB61CAE3F510098BDC4 /* Frameworks */,
				52E2DEB71CAE3F510098BDC4 /* Resources */,
			);
			buildRules = (
			);
			dependencies = (
			);
			name = TextFiledexample;
			productName = TextFiledexample;
			productReference = 52E2DEB91CAE3F510098BDC4 /* TextFiledexample.app */;
			productType = "com.apple.product-type.application";
		};
		52E2DED11CAE3F510098BDC4 /* TextFiledexampleTests */ = {
			isa = PBXNativeTarget;
			buildConfigurationList = 52E2DEE91CAE3F510098BDC4 /* Build configuration list for PBXNativeTarget "TextFiledexampleTests" */;
			buildPhases = (
				52E2DECE1CAE3F510098BDC4 /* Sources */,
				52E2DECF1CAE3F510098BDC4 /* Frameworks */,
				52E2DED01CAE3F510098BDC4 /* Resources */,
			);
			buildRules = (
			);
			dependencies = (
				52E2DED41CAE3F510098BDC4 /* PBXTargetDependency */,
			);
			name = TextFiledexampleTests;
			productName = TextFiledexampleTests;
			productReference = 52E2DED21CAE3F510098BDC4 /* TextFiledexampleTests.xctest */;
			productType = "com.apple.product-type.bundle.unit-test";
		};
		52E2DEDC1CAE3F510098BDC4 /* TextFiledexampleUITests */ = {
			isa = PBXNativeTarget;
			buildConfigurationList = 52E2DEEC1CAE3F510098BDC4 /* Build configuration list for PBXNativeTarget "TextFiledexampleUITests" */;
			buildPhases = (
				52E2DED91CAE3F510098BDC4 /* Sources */,
				52E2DEDA1CAE3F510098BDC4 /* Frameworks */,
				52E2DEDB1CAE3F510098BDC4 /* Resources */,
			);
			buildRules = (
			);
			dependencies = (
				52E2DEDF1CAE3F510098BDC4 /* PBXTargetDependency */,
			);
			name = TextFiledexampleUITests;
			productName = TextFiledexampleUITests;
			productReference = 52E2DEDD1CAE3F510098BDC4 /* TextFiledexampleUITests.xctest */;
			productType = "com.apple.product-type.bundle.ui-testing";
		};
/* End PBXNativeTarget section */

/* Begin PBXProject section */
		52E2DEB11CAE3F510098BDC4 /* Project object */ = {
			isa = PBXProject;
			attributes = {
				LastUpgradeCheck = 0730;
				ORGANIZATIONNAME = com.NeoRays;
				TargetAttributes = {
					52E2DEB81CAE3F510098BDC4 = {
						CreatedOnToolsVersion = 7.3;
					};
					52E2DED11CAE3F510098BDC4 = {
						CreatedOnToolsVersion = 7.3;
						TestTargetID = 52E2DEB81CAE3F510098BDC4;
					};
					52E2DEDC1CAE3F510098BDC4 = {
						CreatedOnToolsVersion = 7.3;
						TestTargetID = 52E2DEB81CAE3F510098BDC4;
					};
				};
			};
			buildConfigurationList = 52E2DEB41CAE3F510098BDC4 /* Build configuration list for PBXProject "TextFiledexample" */;
			compatibilityVersion = "Xcode 3.2";
			developmentRegion = English;
			hasScannedForEncodings = 0;
			knownRegions = (
				en,
				Base,
			);
			mainGroup = 52E2DEB01CAE3F510098BDC4;
			productRefGroup = 52E2DEBA1CAE3F510098BDC4 /* Products */;
			projectDirPath = "";
			projectRoot = "";
			targets = (
				52E2DEB81CAE3F510098BDC4 /* TextFiledexample */,
				52E2DED11CAE3F510098BDC4 /* TextFiledexampleTests */,
				52E2DEDC1CAE3F510098BDC4 /* TextFiledexampleUITests */,
			);
		};
/* End PBXProject section */

/* Begin PBXResourcesBuildPhase section */
		52E2DEB71CAE3F510098BDC4 /* Resources */ = {
			isa = PBXResourcesBuildPhase;
			buildActionMask = 2147483647;
			files = (
				52E2DECC1CAE3F510098BDC4 /* LaunchScreen.storyboard in Resources */,
				52E2DEC91CAE3F510098BDC4 /* Assets.xcassets in Resources */,
				52E2DEC71CAE3F510098BDC4 /* Main.storyboard in Resources */,
			);
			runOnlyForDeploymentPostprocessing = 0;
		};
		52E2DED01CAE3F510098BDC4 /* Resources */ = {
			isa = PBXResourcesBuildPhase;
			buildActionMask = 2147483647;
			files = (
			);
			runOnlyForDeploymentPostprocessing = 0;
		};
		52E2DEDB1CAE3F510098BDC4 /* Resources */ = {
			isa = PBXResourcesBuildPhase;
			buildActionMask = 2147483647;
			files = (
			);
			runOnlyForDeploymentPostprocessing = 0;
		};
/* End PBXResourcesBuildPhase section */

/* Begin PBXSourcesBuildPhase section */
		52E2DEB51CAE3F510098BDC4 /* Sources */ = {
			isa = PBXSourcesBuildPhase;
			buildActionMask = 2147483647;
			files = (
				52E2DEC41CAE3F510098BDC4 /* ViewController.m in Sources */,
				52E2DEC11CAE3F510098BDC4 /* AppDelegate.m in Sources */,
				52E2DEBE1CAE3F510098BDC4 /* main.m in Sources */,
			);
			runOnlyForDeploymentPostprocessing = 0;
		};
		52E2DECE1CAE3F510098BDC4 /* Sources */ = {
			isa = PBXSourcesBuildPhase;
			buildActionMask = 2147483647;
			files = (
				52E2DED71CAE3F510098BDC4 /* TextFiledexampleTests.m in Sources */,
			);
			runOnlyForDeploymentPostprocessing = 0;
		};
		52E2DED91CAE3F510098BDC4 /* Sources */ = {
			isa = PBXSourcesBuildPhase;
			buildActionMask = 2147483647;
			files = (
				52E2DEE21CAE3F510098BDC4 /* TextFiledexampleUITests.m in Sources */,
			);
			runOnlyForDeploymentPostprocessing = 0;
		};
/* End PBXSourcesBuildPhase section */

/* Begin PBXTargetDependency section */
		52E2DED41CAE3F510098BDC4 /* PBXTargetDependency */ = {
			isa = PBXTargetDependency;
			target = 52E2DEB81CAE3F510098BDC4 /* TextFiledexample */;
			targetProxy = 52E2DED31CAE3F510098BDC4 /* PBXContainerItemProxy */;
		};
		52E2DEDF1CAE3F510098BDC4 /* PBXTargetDependency */ = {
			isa = PBXTargetDependency;
			target = 52E2DEB81CAE3F510098BDC4 /* TextFiledexample */;
			targetProxy = 52E2DEDE1CAE3F510098BDC4 /* PBXContainerItemProxy */;
		};
/* End PBXTargetDependency section */

/* Begin PBXVariantGroup section */
		52E2DEC51CAE3F510098BDC4 /* Main.storyboard */ = {
			isa = PBXVariantGroup;
			children = (
				52E2DEC61CAE3F510098BDC4 /* Base */,
			);
			name = Main.storyboard;
			sourceTree = "<group>";
		};
		52E2DECA1CAE3F510098BDC4 /* LaunchScreen.storyboard */ = {
			isa = PBXVariantGroup;
			children = (
				52E2DECB1CAE3F510098BDC4 /* Base */,
			);
			name = LaunchScreen.storyboard;
			sourceTree = "<group>";
		};
/* End PBXVariantGroup section */

/* Begin XCBuildConfiguration section */
		52E2DEE41CAE3F510098BDC4 /* Debug */ = {
			isa = XCBuildConfiguration;
			buildSettings = {
				ALWAYS_SEARCH_USER_PATHS = NO;
				CLANG_ANALYZER_NONNULL = YES;
				CLANG_CXX_LANGUAGE_STANDARD = "gnu++0x";
				CLANG_CXX_LIBRARY = "libc++";
				CLANG_ENABLE_MODULES = YES;
				CLANG_ENABLE_OBJC_ARC = YES;
				CLANG_WARN_BOOL_CONVERSION = YES;
				CLANG_WARN_CONSTANT_CONVERSION = YES;
				CLANG_WARN_DIRECT_OBJC_ISA_USAGE = YES_ERROR;
				CLANG_WARN_EMPTY_BODY = YES;
				CLANG_WARN_ENUM_CONVERSION = YES;
				CLANG_WARN_INT_CONVERSION = YES;
				CLANG_WARN_OBJC_ROOT_CLASS = YES_ERROR;
				CLANG_WARN_UNREACHABLE_CODE = YES;
				CLANG_WARN__DUPLICATE_METHOD_MATCH = YES;
				"CODE_SIGN_IDENTITY[sdk=iphoneos*]" = "iPhone Developer";
				COPY_PHASE_STRIP = NO;
				DEBUG_INFORMATION_FORMAT = dwarf;
				ENABLE_STRICT_OBJC_MSGSEND = YES;
				ENABLE_TESTABILITY = YES;
				GCC_C_LANGUAGE_STANDARD = gnu99;
				GCC_DYNAMIC_NO_PIC = NO;
				GCC_NO_COMMON_BLOCKS = YES;
				GCC_OPTIMIZATION_LEVEL = 0;
				GCC_PREPROCESSOR_DEFINITIONS = (
					"DEBUG=1",
					"$(inherited)",
				);
				GCC_WARN_64_TO_32_BIT_CONVERSION = YES;
				GCC_WARN_ABOUT_RETURN_TYPE = YES_ERROR;
				GCC_WARN_UNDECLARED_SELECTOR = YES;
				GCC_WARN_UNINITIALIZED_AUTOS = YES_AGGRESSIVE;
				GCC_WARN_UNUSED_FUNCTION = YES;
				GCC_WARN_UNUSED_VARIABLE = YES;
				IPHONEOS_DEPLOYMENT_TARGET = 9.3;
				MTL_ENABLE_DEBUG_INFO = YES;
				ONLY_ACTIVE_ARCH = YES;
				SDKROOT = iphoneos;
			};
			name = Debug;
		};
		52E2DEE51CAE3F510098BDC4 /* Release */ = {
			isa = XCBuildConfiguration;
			buildSettings = {
				ALWAYS_SEARCH_USER_PATHS = NO;
				CLANG_ANALYZER_NONNULL = YES;
				CLANG_CXX_LANGUAGE_STANDARD = "gnu++0x";
				CLANG_CXX_LIBRARY = "libc++";
				CLANG_ENABLE_MODULES = YES;
				CLANG_ENABLE_OBJC_ARC = YES;
				CLANG_WARN_BOOL_CONVERSION = YES;
				CLANG_WARN_CONSTANT_CONVERSION = YES;
				CLANG_WARN_DIRECT_OBJC_ISA_USAGE = YES_ERROR;
				CLANG_WARN_EMPTY_BODY = YES;
				CLANG_WARN_ENUM_CONVERSION = YES;
				CLANG_WARN_INT_CONVERSION = YES;
				CLANG_WARN_OBJC_ROOT_CLASS = YES_ERROR;
				CLANG_WARN_UNREACHABLE_CODE = YES;
				CLANG_WARN__DUPLICATE_METHOD_MATCH = YES;
				"CODE_SIGN_IDENTITY[sdk=iphoneos*]" = "iPhone Developer";
				COPY_PHASE_STRIP = NO;
				DEBUG_INFORMATION_FORMAT = "dwarf-with-dsym";
				ENABLE_NS_ASSERTIONS = NO;
				ENABLE_STRICT_OBJC_MSGSEND = YES;
				GCC_C_LANGUAGE_STANDARD = gnu99;
				GCC_NO_COMMON_BLOCKS = YES;
				GCC_WARN_64_TO_32_BIT_CONVERSION = YES;
				GCC_WARN_ABOUT_RETURN_TYPE = YES_ERROR;
				GCC_WARN_UNDECLARED_SELECTOR = YES;
				GCC_WARN_UNINITIALIZED_AUTOS = YES_AGGRESSIVE;
				GCC_WARN_UNUSED_FUNCTION = YES;
				GCC_WARN_UNUSED_VARIABLE = YES;
				IPHONEOS_DEPLOYMENT_TARGET = 9.3;
				MTL_ENABLE_DEBUG_INFO = NO;
				SDKROOT = iphoneos;
				VALIDATE_PRODUCT = YES;
			};
			name = Release;
		};
		52E2DEE71CAE3F510098BDC4 /* Debug */ = {
			isa = XCBuildConfiguration;
			buildSettings = {
				ASSETCATALOG_COMPILER_APPICON_NAME = AppIcon;
				INFOPLIST_FILE = TextFiledexample/Info.plist;
				LD_RUNPATH_SEARCH_PATHS = "$(inherited) @executable_path/Frameworks";
				PRODUCT_BUNDLE_IDENTIFIER = Mahaboob.TextFiledexample;
				PRODUCT_NAME = "$(TARGET_NAME)";
			};
			name = Debug;
		};
		52E2DEE81CAE3F510098BDC4 /* Release */ = {
			isa = XCBuildConfiguration;
			buildSettings = {
				ASSETCATALOG_COMPILER_APPICON_NAME = AppIcon;
				INFOPLIST_FILE = TextFiledexample/Info.plist;
				LD_RUNPATH_SEARCH_PATHS = "$(inherited) @executable_path/Frameworks";
				PRODUCT_BUNDLE_IDENTIFIER = Mahaboob.TextFiledexample;
				PRODUCT_NAME = "$(TARGET_NAME)";
			};
			name = Release;
		};
		52E2DEEA1CAE3F510098BDC4 /* Debug */ = {
			isa = XCBuildConfiguration;
			buildSettings = {
				BUNDLE_LOADER = "$(TEST_HOST)";
				INFOPLIST_FILE = TextFiledexampleTests/Info.plist;
				LD_RUNPATH_SEARCH_PATHS = "$(inherited) @executable_path/Frameworks @loader_path/Frameworks";
				PRODUCT_BUNDLE_IDENTIFIER = Mahaboob.TextFiledexampleTests;
				PRODUCT_NAME = "$(TARGET_NAME)";
				TEST_HOST = "$(BUILT_PRODUCTS_DIR)/TextFiledexample.app/TextFiledexample";
			};
			name = Debug;
		};
		52E2DEEB1CAE3F510098BDC4 /* Release */ = {
			isa = XCBuildConfiguration;
			buildSettings = {
				BUNDLE_LOADER = "$(TEST_HOST)";
				INFOPLIST_FILE = TextFiledexampleTests/Info.plist;
				LD_RUNPATH_SEARCH_PATHS = "$(inherited) @executable_path/Frameworks @loader_path/Frameworks";
				PRODUCT_BUNDLE_IDENTIFIER = Mahaboob.TextFiledexampleTests;
				PRODUCT_NAME = "$(TARGET_NAME)";
				TEST_HOST = "$(BUILT_PRODUCTS_DIR)/TextFiledexample.app/TextFiledexample";
			};
			name = Release;
		};
		52E2DEED1CAE3F510098BDC4 /* Debug */ = {
			isa = XCBuildConfiguration;
			buildSettings = {
				INFOPLIST_FILE = TextFiledexampleUITests/Info.plist;
				LD_RUNPATH_SEARCH_PATHS = "$(inherited) @executable_path/Frameworks @loader_path/Frameworks";
				PRODUCT_BUNDLE_IDENTIFIER = Mahaboob.TextFiledexampleUITests;
				PRODUCT_NAME = "$(TARGET_NAME)";
				TEST_TARGET_NAME = TextFiledexample;
			};
			name = Debug;
		};
		52E2DEEE1CAE3F510098BDC4 /* Release */ = {
			isa = XCBuildConfiguration;
			buildSettings = {
				INFOPLIST_FILE = TextFiledexampleUITests/Info.plist;
				LD_RUNPATH_SEARCH_PATHS = "$(inherited) @executable_path/Frameworks @loader_path/Frameworks";
				PRODUCT_BUNDLE_IDENTIFIER = Mahaboob.TextFiledexampleUITests;
				PRODUCT_NAME = "$(TARGET_NAME)";
				TEST_TARGET_NAME = TextFiledexample;
			};
			name = Release;
		};
/* End XCBuildConfiguration section */

/* Begin XCConfigurationList section */
		52E2DEB41CAE3F510098BDC4 /* Build configuration list for PBXProject "TextFiledexample" */ = {
			isa = XCConfigurationList;
			buildConfigurations = (
				52E2DEE41CAE3F510098BDC4 /* Debug */,
				52E2DEE51CAE3F510098BDC4 /* Release */,
			);
			defaultConfigurationIsVisible = 0;
			defaultConfigurationName = Release;
		};
		52E2DEE61CAE3F510098BDC4 /* Build configuration list for PBXNativeTarget "TextFiledexample" */ = {
			isa = XCConfigurationList;
			buildConfigurations = (
				52E2DEE71CAE3F510098BDC4 /* Debug */,
				52E2DEE81CAE3F510098BDC4 /* Release */,
			);
			defaultConfigurationIsVisible = 0;
		};
		52E2DEE91CAE3F510098BDC4 /* Build configuration list for PBXNativeTarget "TextFiledexampleTests" */ = {
			isa = XCConfigurationList;
			buildConfigurations = (
				52E2DEEA1CAE3F510098BDC4 /* Debug */,
				52E2DEEB1CAE3F510098BDC4 /* Release */,
			);
			defaultConfigurationIsVisible = 0;
		};
		52E2DEEC1CAE3F510098BDC4 /* Build configuration list for PBXNativeTarget "TextFiledexampleUITests" */ = {
			isa = XCConfigurationList;
			buildConfigurations = (
				52E2DEED1CAE3F510098BDC4 /* Debug */,
				52E2DEEE1CAE3F510098BDC4 /* Release */,
			);
			defaultConfigurationIsVisible = 0;
		};
/* End XCConfigurationList section */
	};
	rootObject = 52E2DEB11CAE3F510098BDC4 /* Project object */;
}
